// !$*UTF8*$!
{
	archiveVersion = 1;
	classes = {
	};
	objectVersion = 50;
	objects = {

/* Begin PBXBuildFile section */
		CDDB203E25D411610062F5CA /* AppDelegate.swift in Sources */ = {isa = PBXBuildFile; fileRef = CDDB203D25D411610062F5CA /* AppDelegate.swift */; };
		CDDB204025D411610062F5CA /* SceneDelegate.swift in Sources */ = {isa = PBXBuildFile; fileRef = CDDB203F25D411610062F5CA /* SceneDelegate.swift */; };
		CDDB204225D411610062F5CA /* ViewController.swift in Sources */ = {isa = PBXBuildFile; fileRef = CDDB204125D411610062F5CA /* ViewController.swift */; };
		CDDB204525D411610062F5CA /* Main.storyboard in Resources */ = {isa = PBXBuildFile; fileRef = CDDB204325D411610062F5CA /* Main.storyboard */; };
		CDDB204825D411610062F5CA /* yokyok.xcdatamodeld in Sources */ = {isa = PBXBuildFile; fileRef = CDDB204625D411610062F5CA /* yokyok.xcdatamodeld */; };
		CDDB204A25D411630062F5CA /* Assets.xcassets in Resources */ = {isa = PBXBuildFile; fileRef = CDDB204925D411630062F5CA /* Assets.xcassets */; };
		CDDB204D25D411630062F5CA /* LaunchScreen.storyboard in Resources */ = {isa = PBXBuildFile; fileRef = CDDB204B25D411630062F5CA /* LaunchScreen.storyboard */; };
/* End PBXBuildFile section */

/* Begin PBXFileReference section */
		CDDB203A25D411610062F5CA /* yokyok.app */ = {isa = PBXFileReference; explicitFileType = wrapper.application; includeInIndex = 0; path = yokyok.app; sourceTree = BUILT_PRODUCTS_DIR; };
		CDDB203D25D411610062F5CA /* AppDelegate.swift */ = {isa = PBXFileReference; lastKnownFileType = sourcecode.swift; path = AppDelegate.swift; sourceTree = "<group>"; };
		CDDB203F25D411610062F5CA /* SceneDelegate.swift */ = {isa = PBXFileReference; lastKnownFileType = sourcecode.swift; path = SceneDelegate.swift; sourceTree = "<group>"; };
		CDDB204125D411610062F5CA /* ViewController.swift */ = {isa = PBXFileReference; lastKnownFileType = sourcecode.swift; path = ViewController.swift; sourceTree = "<group>"; };
		CDDB204425D411610062F5CA /* Base */ = {isa = PBXFileReference; lastKnownFileType = file.storyboard; name = Base; path = Base.lproj/Main.storyboard; sourceTree = "<group>"; };
		CDDB204725D411610062F5CA /* yokyok.xcdatamodel */ = {isa = PBXFileReference; lastKnownFileType = wrapper.xcdatamodel; path = yokyok.xcdatamodel; sourceTree = "<group>"; };
		CDDB204925D411630062F5CA /* Assets.xcassets */ = {isa = PBXFileReference; lastKnownFileType = folder.assetcatalog; path = Assets.xcassets; sourceTree = "<group>"; };
		CDDB204C25D411630062F5CA /* Base */ = {isa = PBXFileReference; lastKnownFileType = file.storyboard; name = Base; path = Base.lproj/LaunchScreen.storyboard; sourceTree = "<group>"; };
		CDDB204E25D411630062F5CA /* Info.plist */ = {isa = PBXFileReference; lastKnownFileType = text.plist.xml; path = Info.plist; sourceTree = "<group>"; };
/* End PBXFileReference section */

/* Begin PBXFrameworksBuildPhase section */
		CDDB203725D411610062F5CA /* Frameworks */ = {
			isa = PBXFrameworksBuildPhase;
			buildActionMask = 2147483647;
			files = (
			);
			runOnlyForDeploymentPostprocessing = 0;
		};
/* End PBXFrameworksBuildPhase section */

/* Begin PBXGroup section */
		CDDB203125D411610062F5CA = {
			isa = PBXGroup;
			children = (
				CDDB203C25D411610062F5CA /* yokyok */,
				CDDB203B25D411610062F5CA /* Products */,
			);
			sourceTree = "<group>";
		};
		CDDB203B25D411610062F5CA /* Products */ = {
			isa = PBXGroup;
			children = (
				CDDB203A25D411610062F5CA /* yokyok.app */,
			);
			name = Products;
			sourceTree = "<group>";
		};
		CDDB203C25D411610062F5CA /* yokyok */ = {
			isa = PBXGroup;
			children = (
				CDDB203D25D411610062F5CA /* AppDelegate.swift */,
				CDDB203F25D411610062F5CA /* SceneDelegate.swift */,
				CDDB204125D411610062F5CA /* ViewController.swift */,
				CDDB204325D411610062F5CA /* Main.storyboard */,
				CDDB204925D411630062F5CA /* Assets.xcassets */,
				CDDB204B25D411630062F5CA /* LaunchScreen.storyboard */,
				CDDB204E25D411630062F5CA /* Info.plist */,
				CDDB204625D411610062F5CA /* yokyok.xcdatamodeld */,
			);
			path = yokyok;
			sourceTree = "<group>";
		};
/* End PBXGroup section */

/* Begin PBXNativeTarget section */
		CDDB203925D411610062F5CA /* yokyok */ = {
			isa = PBXNativeTarget;
			buildConfigurationList = CDDB205125D411630062F5CA /* Build configuration list for PBXNativeTarget "yokyok" */;
			buildPhases = (
				CDDB203625D411610062F5CA /* Sources */,
				CDDB203725D411610062F5CA /* Frameworks */,
				CDDB203825D411610062F5CA /* Resources */,
			);
			buildRules = (
			);
			dependencies = (
			);
			name = yokyok;
			productName = yokyok;
			productReference = CDDB203A25D411610062F5CA /* yokyok.app */;
			productType = "com.apple.product-type.application";
		};
/* End PBXNativeTarget section */

/* Begin PBXProject section */
		CDDB203225D411610062F5CA /* Project object */ = {
			isa = PBXProject;
			attributes = {
				LastSwiftUpdateCheck = 1220;
				LastUpgradeCheck = 1220;
				TargetAttributes = {
					CDDB203925D411610062F5CA = {
						CreatedOnToolsVersion = 12.2;
					};
				};
			};
			buildConfigurationList = CDDB203525D411610062F5CA /* Build configuration list for PBXProject "yokyok" */;
			compatibilityVersion = "Xcode 9.3";
			developmentRegion = en;
			hasScannedForEncodings = 0;
			knownRegions = (
				en,
				Base,
			);
			mainGroup = CDDB203125D411610062F5CA;
			productRefGroup = CDDB203B25D411610062F5CA /* Products */;
			projectDirPath = "";
			projectRoot = "";
			targets = (
				CDDB203925D411610062F5CA /* yokyok */,
			);
		};
/* End PBXProject section */

/* Begin PBXResourcesBuildPhase section */
		CDDB203825D411610062F5CA /* Resources */ = {
			isa = PBXResourcesBuildPhase;
			buildActionMask = 2147483647;
			files = (
				CDDB204D25D411630062F5CA /* LaunchScreen.storyboard in Resources */,
				CDDB204A25D411630062F5CA /* Assets.xcassets in Resources */,
				CDDB204525D411610062F5CA /* Main.storyboard in Resources */,
			);
			runOnlyForDeploymentPostprocessing = 0;
		};
/* End PBXResourcesBuildPhase section */

/* Begin PBXSourcesBuildPhase section */
		CDDB203625D411610062F5CA /* Sources */ = {
			isa = PBXSourcesBuildPhase;
			buildActionMask = 2147483647;
			files = (
				CDDB204225D411610062F5CA /* ViewController.swift in Sources */,
				CDDB204825D411610062F5CA /* yokyok.xcdatamodeld in Sources */,
				CDDB203E25D411610062F5CA /* AppDelegate.swift in Sources */,
				CDDB204025D411610062F5CA /* SceneDelegate.swift in Sources */,
			);
			runOnlyForDeploymentPostprocessing = 0;
		};
/* End PBXSourcesBuildPhase section */

/* Begin PBXVariantGroup section */
		CDDB204325D411610062F5CA /* Main.storyboard */ = {
			isa = PBXVariantGroup;
			children = (
				CDDB204425D411610062F5CA /* Base */,
			);
			name = Main.storyboard;
			sourceTree = "<group>";
		};
		CDDB204B25D411630062F5CA /* LaunchScreen.storyboard */ = {
			isa = PBXVariantGroup;
			children = (
				CDDB204C25D411630062F5CA /* Base */,
			);
			name = LaunchScreen.storyboard;
			sourceTree = "<group>";
		};
/* End PBXVariantGroup section */

/* Begin XCBuildConfiguration section */
		CDDB204F25D411630062F5CA /* Debug */ = {
			isa = XCBuildConfiguration;
			buildSettings = {
				ALWAYS_SEARCH_USER_PATHS = NO;
				CLANG_ANALYZER_NONNULL = YES;
				CLANG_ANALYZER_NUMBER_OBJECT_CONVERSION = YES_AGGRESSIVE;
				CLANG_CXX_LANGUAGE_STANDARD = "gnu++14";
				CLANG_CXX_LIBRARY = "libc++";
				CLANG_ENABLE_MODULES = YES;
				CLANG_ENABLE_OBJC_ARC = YES;
				CLANG_ENABLE_OBJC_WEAK = YES;
				CLANG_WARN_BLOCK_CAPTURE_AUTORELEASING = YES;
				CLANG_WARN_BOOL_CONVERSION = YES;
				CLANG_WARN_COMMA = YES;
				CLANG_WARN_CONSTANT_CONVERSION = YES;
				CLANG_WARN_DEPRECATED_OBJC_IMPLEMENTATIONS = YES;
				CLANG_WARN_DIRECT_OBJC_ISA_USAGE = YES_ERROR;
				CLANG_WARN_DOCUMENTATION_COMMENTS = YES;
				CLANG_WARN_EMPTY_BODY = YES;
				CLANG_WARN_ENUM_CONVERSION = YES;
				CLANG_WARN_INFINITE_RECURSION = YES;
				CLANG_WARN_INT_CONVERSION = YES;
				CLANG_WARN_NON_LITERAL_NULL_CONVERSION = YES;
				CLANG_WARN_OBJC_IMPLICIT_RETAIN_SELF = YES;
				CLANG_WARN_OBJC_LITERAL_CONVERSION = YES;
				CLANG_WARN_OBJC_ROOT_CLASS = YES_ERROR;
				CLANG_WARN_QUOTED_INCLUDE_IN_FRAMEWORK_HEADER = YES;
				CLANG_WARN_RANGE_LOOP_ANALYSIS = YES;
				CLANG_WARN_STRICT_PROTOTYPES = YES;
				CLANG_WARN_SUSPICIOUS_MOVE = YES;
				CLANG_WARN_UNGUARDED_AVAILABILITY = YES_AGGRESSIVE;
				CLANG_WARN_UNREACHABLE_CODE = YES;
				CLANG_WARN__DUPLICATE_METHOD_MATCH = YES;
				COPY_PHASE_STRIP = NO;
				DEBUG_INFORMATION_FORMAT = dwarf;
				ENABLE_STRICT_OBJC_MSGSEND = YES;
				ENABLE_TESTABILITY = YES;
				GCC_C_LANGUAGE_STANDARD = gnu11;
				GCC_DYNAMIC_NO_PIC = NO;
				GCC_NO_COMMON_BLOCKS = YES;
				GCC_OPTIMIZATION_LEVEL = 0;
				GCC_PREPROCESSOR_DEFINITIONS = (
					"DEBUG=1",
					"$(inherited)",
				);
				GCC_WARN_64_TO_32_BIT_CONVERSION = YES;
				GCC_WARN_ABOUT_RETURN_TYPE = YES_ERROR;
				GCC_WARN_UNDECLARED_SELECTOR = YES;
				GCC_WARN_UNINITIALIZED_AUTOS = YES_AGGRESSIVE;
				GCC_WARN_UNUSED_FUNCTION = YES;
				GCC_WARN_UNUSED_VARIABLE = YES;
				IPHONEOS_DEPLOYMENT_TARGET = 14.2;
				MTL_ENABLE_DEBUG_INFO = INCLUDE_SOURCE;
				MTL_FAST_MATH = YES;
				ONLY_ACTIVE_ARCH = YES;
				SDKROOT = iphoneos;
				SWIFT_ACTIVE_COMPILATION_CONDITIONS = DEBUG;
				SWIFT_OPTIMIZATION_LEVEL = "-Onone";
			};
			name = Debug;
		};
		CDDB205025D411630062F5CA /* Release */ = {
			isa = XCBuildConfiguration;
			buildSettings = {
				ALWAYS_SEARCH_USER_PATHS = NO;
				CLANG_ANALYZER_NONNULL = YES;
				CLANG_ANALYZER_NUMBER_OBJECT_CONVERSION = YES_AGGRESSIVE;
				CLANG_CXX_LANGUAGE_STANDARD = "gnu++14";
				CLANG_CXX_LIBRARY = "libc++";
				CLANG_ENABLE_MODULES = YES;
				CLANG_ENABLE_OBJC_ARC = YES;
				CLANG_ENABLE_OBJC_WEAK = YES;
				CLANG_WARN_BLOCK_CAPTURE_AUTORELEASING = YES;
				CLANG_WARN_BOOL_CONVERSION = YES;
				CLANG_WARN_COMMA = YES;
				CLANG_WARN_CONSTANT_CONVERSION = YES;
				CLANG_WARN_DEPRECATED_OBJC_IMPLEMENTATIONS = YES;
				CLANG_WARN_DIRECT_OBJC_ISA_USAGE = YES_ERROR;
				CLANG_WARN_DOCUMENTATION_COMMENTS = YES;
				CLANG_WARN_EMPTY_BODY = YES;
				CLANG_WARN_ENUM_CONVERSION = YES;
				CLANG_WARN_INFINITE_RECURSION = YES;
				CLANG_WARN_INT_CONVERSION = YES;
				CLANG_WARN_NON_LITERAL_NULL_CONVERSION = YES;
				CLANG_WARN_OBJC_IMPLICIT_RETAIN_SELF = YES;
				CLANG_WARN_OBJC_LITERAL_CONVERSION = YES;
				CLANG_WARN_OBJC_ROOT_CLASS = YES_ERROR;
				CLANG_WARN_QUOTED_INCLUDE_IN_FRAMEWORK_HEADER = YES;
				CLANG_WARN_RANGE_LOOP_ANALYSIS = YES;
				CLANG_WARN_STRICT_PROTOTYPES = YES;
				CLANG_WARN_SUSPICIOUS_MOVE = YES;
				CLANG_WARN_UNGUARDED_AVAILABILITY = YES_AGGRESSIVE;
				CLANG_WARN_UNREACHABLE_CODE = YES;
				CLANG_WARN__DUPLICATE_METHOD_MATCH = YES;
				COPY_PHASE_STRIP = NO;
				DEBUG_INFORMATION_FORMAT = "dwarf-with-dsym";
				ENABLE_NS_ASSERTIONS = NO;
				ENABLE_STRICT_OBJC_MSGSEND = YES;
				GCC_C_LANGUAGE_STANDARD = gnu11;
				GCC_NO_COMMON_BLOCKS = YES;
				GCC_WARN_64_TO_32_BIT_CONVERSION = YES;
				GCC_WARN_ABOUT_RETURN_TYPE = YES_ERROR;
				GCC_WARN_UNDECLARED_SELECTOR = YES;
				GCC_WARN_UNINITIALIZED_AUTOS = YES_AGGRESSIVE;
				GCC_WARN_UNUSED_FUNCTION = YES;
				GCC_WARN_UNUSED_VARIABLE = YES;
				IPHONEOS_DEPLOYMENT_TARGET = 14.2;
				MTL_ENABLE_DEBUG_INFO = NO;
				MTL_FAST_MATH = YES;
				SDKROOT = iphoneos;
				SWIFT_COMPILATION_MODE = wholemodule;
				SWIFT_OPTIMIZATION_LEVEL = "-O";
				VALIDATE_PRODUCT = YES;
			};
			name = Release;
		};
		CDDB205225D411630062F5CA /* Debug */ = {
			isa = XCBuildConfiguration;
			buildSettings = {
				ASSETCATALOG_COMPILER_APPICON_NAME = AppIcon;
				ASSETCATALOG_COMPILER_GLOBAL_ACCENT_COLOR_NAME = AccentColor;
				CODE_SIGN_STYLE = Automatic;
				DEVELOPMENT_TEAM = 6X34548D4L;
				INFOPLIST_FILE = yokyok/Info.plist;
				LD_RUNPATH_SEARCH_PATHS = (
					"$(inherited)",
					"@executable_path/Frameworks",
				);
				PRODUCT_BUNDLE_IDENTIFIER = wookweb.yokyok;
				PRODUCT_NAME = "$(TARGET_NAME)";
				SWIFT_VERSION = 5.0;
				TARGETED_DEVICE_FAMILY = "1,2";
			};
			name = Debug;
		};
		CDDB205325D411630062F5CA /* Release */ = {
			isa = XCBuildConfiguration;
			buildSettings = {
				ASSETCATALOG_COMPILER_APPICON_NAME = AppIcon;
				ASSETCATALOG_COMPILER_GLOBAL_ACCENT_COLOR_NAME = AccentColor;
				CODE_SIGN_STYLE = Automatic;
				DEVELOPMENT_TEAM = 6X34548D4L;
				INFOPLIST_FILE = yokyok/Info.plist;
				LD_RUNPATH_SEARCH_PATHS = (
					"$(inherited)",
					"@executable_path/Frameworks",
				);
				PRODUCT_BUNDLE_IDENTIFIER = wookweb.yokyok;
				PRODUCT_NAME = "$(TARGET_NAME)";
				SWIFT_VERSION = 5.0;
				TARGETED_DEVICE_FAMILY = "1,2";
			};
			name = Release;
		};
/* End XCBuildConfiguration section */

/* Begin XCConfigurationList section */
		CDDB203525D411610062F5CA /* Build configuration list for PBXProject "yokyok" */ = {
			isa = XCConfigurationList;
			buildConfigurations = (
				CDDB204F25D411630062F5CA /* Debug */,
				CDDB205025D411630062F5CA /* Release */,
			);
			defaultConfigurationIsVisible = 0;
			defaultConfigurationName = Release;
		};
		CDDB205125D411630062F5CA /* Build configuration list for PBXNativeTarget "yokyok" */ = {
			isa = XCConfigurationList;
			buildConfigurations = (
				CDDB205225D411630062F5CA /* Debug */,
				CDDB205325D411630062F5CA /* Release */,
			);
			defaultConfigurationIsVisible = 0;
			defaultConfigurationName = Release;
		};
/* End XCConfigurationList section */

/* Begin XCVersionGroup section */
		CDDB204625D411610062F5CA /* yokyok.xcdatamodeld */ = {
			isa = XCVersionGroup;
			children = (
				CDDB204725D411610062F5CA /* yokyok.xcdatamodel */,
			);
			currentVersion = CDDB204725D411610062F5CA /* yokyok.xcdatamodel */;
			path = yokyok.xcdatamodeld;
			sourceTree = "<group>";
			versionGroupType = wrapper.xcdatamodel;
		};
/* End XCVersionGroup section */
	};
	rootObject = CDDB203225D411610062F5CA /* Project object */;
}
